
Microsoft Visual Studio Solution File, Format Version 12.00
# Visual Studio Version 16
VisualStudioVersion = 16.0.29519.87
MinimumVisualStudioVersion = 10.0.40219.1
Project("{FAE04EC0-301F-11D3-BF4B-00C04F79EFBC}") = "AABillApi", "AABillApi\AABillApi.csproj", "{FD4C1FD6-2FC9-4ACA-AB2A-BDD0A732E145}"
EndProject
Global
	GlobalSection(SolutionConfigurationPlatforms) = preSolution
		Debug|Any CPU = Debug|Any CPU
		Release|Any CPU = Release|Any CPU
	EndGlobalSection
	GlobalSection(ProjectConfigurationPlatforms) = postSolution
		{FD4C1FD6-2FC9-4ACA-AB2A-BDD0A732E145}.Debug|Any CPU.ActiveCfg = Debug|Any CPU
		{FD4C1FD6-2FC9-4ACA-AB2A-BDD0A732E145}.Debug|Any CPU.Build.0 = Debug|Any CPU
		{FD4C1FD6-2FC9-4ACA-AB2A-BDD0A732E145}.Release|Any CPU.ActiveCfg = Release|Any CPU
		{FD4C1FD6-2FC9-4ACA-AB2A-BDD0A732E145}.Release|Any CPU.Build.0 = Release|Any CPU
	EndGlobalSection
	GlobalSection(SolutionProperties) = preSolution
		HideSolutionNode = FALSE
	EndGlobalSection
	GlobalSection(ExtensibilityGlobals) = postSolution
		SolutionGuid = {7B333175-AB46-44C0-BC1A-5770CB0FAC16}
	EndGlobalSection
EndGlobal
